
Microsoft Visual Studio Solution File, Format Version 12.00
# Visual Studio 15
VisualStudioVersion = 15.0.26124.0
MinimumVisualStudioVersion = 15.0.26124.0
Project("{2150E333-8FDC-42A3-9474-1A3956D46DE8}") = "src", "src", "{2DD52A1A-272E-4605-902C-95D74DBE55FA}"
EndProject
Project("{FAE04EC0-301F-11D3-BF4B-00C04F79EFBC}") = "calculus.api", "src\calculus.api\calculus.api.csproj", "{2D39F453-F0AD-4D91-940F-3917C5541FC4}"
EndProject
Project("{2150E333-8FDC-42A3-9474-1A3956D46DE8}") = "tests", "tests", "{33251383-47B5-46E5-8A3C-9709AA3D3E84}"
EndProject
Project("{FAE04EC0-301F-11D3-BF4B-00C04F79EFBC}") = "calculus.api.tests", "tests\calculus.api.tests\calculus.api.tests.csproj", "{5E76BD9A-08E4-4664-8177-150F63952BAD}"
EndProject
Global
	GlobalSection(SolutionConfigurationPlatforms) = preSolution
		Debug|Any CPU = Debug|Any CPU
		Debug|x64 = Debug|x64
		Debug|x86 = Debug|x86
		Release|Any CPU = Release|Any CPU
		Release|x64 = Release|x64
		Release|x86 = Release|x86
	EndGlobalSection
	GlobalSection(SolutionProperties) = preSolution
		HideSolutionNode = FALSE
	EndGlobalSection
	GlobalSection(ProjectConfigurationPlatforms) = postSolution
		{2D39F453-F0AD-4D91-940F-3917C5541FC4}.Debug|Any CPU.ActiveCfg = Debug|Any CPU
		{2D39F453-F0AD-4D91-940F-3917C5541FC4}.Debug|Any CPU.Build.0 = Debug|Any CPU
		{2D39F453-F0AD-4D91-940F-3917C5541FC4}.Debug|x64.ActiveCfg = Debug|Any CPU
		{2D39F453-F0AD-4D91-940F-3917C5541FC4}.Debug|x64.Build.0 = Debug|Any CPU
		{2D39F453-F0AD-4D91-940F-3917C5541FC4}.Debug|x86.ActiveCfg = Debug|Any CPU
		{2D39F453-F0AD-4D91-940F-3917C5541FC4}.Debug|x86.Build.0 = Debug|Any CPU
		{2D39F453-F0AD-4D91-940F-3917C5541FC4}.Release|Any CPU.ActiveCfg = Release|Any CPU
		{2D39F453-F0AD-4D91-940F-3917C5541FC4}.Release|Any CPU.Build.0 = Release|Any CPU
		{2D39F453-F0AD-4D91-940F-3917C5541FC4}.Release|x64.ActiveCfg = Release|Any CPU
		{2D39F453-F0AD-4D91-940F-3917C5541FC4}.Release|x64.Build.0 = Release|Any CPU
		{2D39F453-F0AD-4D91-940F-3917C5541FC4}.Release|x86.ActiveCfg = Release|Any CPU
		{2D39F453-F0AD-4D91-940F-3917C5541FC4}.Release|x86.Build.0 = Release|Any CPU
		{5E76BD9A-08E4-4664-8177-150F63952BAD}.Debug|Any CPU.ActiveCfg = Debug|Any CPU
		{5E76BD9A-08E4-4664-8177-150F63952BAD}.Debug|Any CPU.Build.0 = Debug|Any CPU
		{5E76BD9A-08E4-4664-8177-150F63952BAD}.Debug|x64.ActiveCfg = Debug|Any CPU
		{5E76BD9A-08E4-4664-8177-150F63952BAD}.Debug|x64.Build.0 = Debug|Any CPU
		{5E76BD9A-08E4-4664-8177-150F63952BAD}.Debug|x86.ActiveCfg = Debug|Any CPU
		{5E76BD9A-08E4-4664-8177-150F63952BAD}.Debug|x86.Build.0 = Debug|Any CPU
		{5E76BD9A-08E4-4664-8177-150F63952BAD}.Release|Any CPU.ActiveCfg = Release|Any CPU
		{5E76BD9A-08E4-4664-8177-150F63952BAD}.Release|Any CPU.Build.0 = Release|Any CPU
		{5E76BD9A-08E4-4664-8177-150F63952BAD}.Release|x64.ActiveCfg = Release|Any CPU
		{5E76BD9A-08E4-4664-8177-150F63952BAD}.Release|x64.Build.0 = Release|Any CPU
		{5E76BD9A-08E4-4664-8177-150F63952BAD}.Release|x86.ActiveCfg = Release|Any CPU
		{5E76BD9A-08E4-4664-8177-150F63952BAD}.Release|x86.Build.0 = Release|Any CPU
	EndGlobalSection
	GlobalSection(NestedProjects) = preSolution
		{2D39F453-F0AD-4D91-940F-3917C5541FC4} = {2DD52A1A-272E-4605-902C-95D74DBE55FA}
		{5E76BD9A-08E4-4664-8177-150F63952BAD} = {33251383-47B5-46E5-8A3C-9709AA3D3E84}
	EndGlobalSection
EndGlobal
